
Microsoft Visual Studio Solution File, Format Version 12.00
Project("{FAE04EC0-301F-11D3-BF4B-00C04F79EFBC}") = "ExpenseManager.BusinessLayer", "ExpenseManager.BusinessLayer\ExpenseManager.BusinessLayer.csproj", "{45B35511-7F02-40B2-AB0D-E38E7D3D7427}"
EndProject
Project("{FAE04EC0-301F-11D3-BF4B-00C04F79EFBC}") = "ExpenseManager.DataAccessLayer", "ExpenseManager.DataAccessLayer\ExpenseManager.DataAccessLayer.csproj", "{8ACA0CAD-864B-4CF6-AB07-CA9F46B54B95}"
EndProject
Project("{FAE04EC0-301F-11D3-BF4B-00C04F79EFBC}") = "ExpenseManager.ConsoleApp", "ExpenseManager.ConsoleApp\ExpenseManager.ConsoleApp.csproj", "{C0CB6DF5-616E-47D0-9E9D-09A37074F733}"
EndProject
Global
	GlobalSection(SolutionConfigurationPlatforms) = preSolution
		Debug|Any CPU = Debug|Any CPU
		Release|Any CPU = Release|Any CPU
	EndGlobalSection
	GlobalSection(ProjectConfigurationPlatforms) = postSolution
		{45B35511-7F02-40B2-AB0D-E38E7D3D7427}.Debug|Any CPU.ActiveCfg = Debug|Any CPU
		{45B35511-7F02-40B2-AB0D-E38E7D3D7427}.Debug|Any CPU.Build.0 = Debug|Any CPU
		{45B35511-7F02-40B2-AB0D-E38E7D3D7427}.Release|Any CPU.ActiveCfg = Release|Any CPU
		{45B35511-7F02-40B2-AB0D-E38E7D3D7427}.Release|Any CPU.Build.0 = Release|Any CPU
		{8ACA0CAD-864B-4CF6-AB07-CA9F46B54B95}.Debug|Any CPU.ActiveCfg = Debug|Any CPU
		{8ACA0CAD-864B-4CF6-AB07-CA9F46B54B95}.Debug|Any CPU.Build.0 = Debug|Any CPU
		{8ACA0CAD-864B-4CF6-AB07-CA9F46B54B95}.Release|Any CPU.ActiveCfg = Release|Any CPU
		{8ACA0CAD-864B-4CF6-AB07-CA9F46B54B95}.Release|Any CPU.Build.0 = Release|Any CPU
		{C0CB6DF5-616E-47D0-9E9D-09A37074F733}.Debug|Any CPU.ActiveCfg = Debug|Any CPU
		{C0CB6DF5-616E-47D0-9E9D-09A37074F733}.Debug|Any CPU.Build.0 = Debug|Any CPU
		{C0CB6DF5-616E-47D0-9E9D-09A37074F733}.Release|Any CPU.ActiveCfg = Release|Any CPU
		{C0CB6DF5-616E-47D0-9E9D-09A37074F733}.Release|Any CPU.Build.0 = Release|Any CPU
	EndGlobalSection
EndGlobal
